
Microsoft Visual Studio Solution File, Format Version 12.00
# Visual Studio 14
VisualStudioVersion = 14.0.25420.1
MinimumVisualStudioVersion = 10.0.40219.1
Project("{2150E333-8FDC-42A3-9474-1A3956D46DE8}") = "Web", "Web", "{98D09A00-128E-4652-B3B9-EC0994A8BB94}"
EndProject
Project("{2150E333-8FDC-42A3-9474-1A3956D46DE8}") = "Tests", "Tests", "{E7E34512-CC94-4C46-9BDE-AAD6AEDC5385}"
EndProject
Project("{2150E333-8FDC-42A3-9474-1A3956D46DE8}") = "Data", "Data", "{097567F5-8BF6-4992-A28D-6794CCE4B4FD}"
EndProject
Project("{2150E333-8FDC-42A3-9474-1A3956D46DE8}") = "Services", "Services", "{5926448E-CD38-4A9A-AF35-E507940AB8D8}"
EndProject
Project("{FAE04EC0-301F-11D3-BF4B-00C04F79EFBC}") = "MvcTempate.Web", "Web\MvcTempate.Web\MvcTempate.Web.csproj", "{217ABD6A-D9CC-4102-801C-FB8D275FB0D2}"
EndProject
Global
	GlobalSection(SolutionConfigurationPlatforms) = preSolution
		Debug|Any CPU = Debug|Any CPU
		Release|Any CPU = Release|Any CPU
	EndGlobalSection
	GlobalSection(ProjectConfigurationPlatforms) = postSolution
		{217ABD6A-D9CC-4102-801C-FB8D275FB0D2}.Debug|Any CPU.ActiveCfg = Debug|Any CPU
		{217ABD6A-D9CC-4102-801C-FB8D275FB0D2}.Debug|Any CPU.Build.0 = Debug|Any CPU
		{217ABD6A-D9CC-4102-801C-FB8D275FB0D2}.Release|Any CPU.ActiveCfg = Release|Any CPU
		{217ABD6A-D9CC-4102-801C-FB8D275FB0D2}.Release|Any CPU.Build.0 = Release|Any CPU
	EndGlobalSection
	GlobalSection(SolutionProperties) = preSolution
		HideSolutionNode = FALSE
	EndGlobalSection
	GlobalSection(NestedProjects) = preSolution
		{217ABD6A-D9CC-4102-801C-FB8D275FB0D2} = {98D09A00-128E-4652-B3B9-EC0994A8BB94}
	EndGlobalSection
EndGlobal
